// !$*UTF8*$!
{
	archiveVersion = 1;
	classes = {
	};
	objectVersion = 56;
	objects = {

/* Begin PBXBuildFile section */
		456F9CFF2A295A1F005529FE /* AppDelegate.swift in Sources */ = {isa = PBXBuildFile; fileRef = 456F9CFE2A295A1F005529FE /* AppDelegate.swift */; };
		456F9D012A295A1F005529FE /* SceneDelegate.swift in Sources */ = {isa = PBXBuildFile; fileRef = 456F9D002A295A1F005529FE /* SceneDelegate.swift */; };
		456F9D032A295A1F005529FE /* MainViewController.swift in Sources */ = {isa = PBXBuildFile; fileRef = 456F9D022A295A1F005529FE /* MainViewController.swift */; };
		456F9D062A295A1F005529FE /* Main.storyboard in Resources */ = {isa = PBXBuildFile; fileRef = 456F9D042A295A1F005529FE /* Main.storyboard */; };
		456F9D082A295A1F005529FE /* Assets.xcassets in Resources */ = {isa = PBXBuildFile; fileRef = 456F9D072A295A1F005529FE /* Assets.xcassets */; };
		456F9D0B2A295A1F005529FE /* LaunchScreen.storyboard in Resources */ = {isa = PBXBuildFile; fileRef = 456F9D092A295A1F005529FE /* LaunchScreen.storyboard */; };
		456F9D202A295A1F005529FE /* OpenWeather_DemoUITests.swift in Sources */ = {isa = PBXBuildFile; fileRef = 456F9D1F2A295A1F005529FE /* OpenWeather_DemoUITests.swift */; };
		456F9D302A295E97005529FE /* WeatherFetcher.swift in Sources */ = {isa = PBXBuildFile; fileRef = 456F9D2F2A295E97005529FE /* WeatherFetcher.swift */; };
		456F9D322A296127005529FE /* WeatherQuery.swift in Sources */ = {isa = PBXBuildFile; fileRef = 456F9D312A296127005529FE /* WeatherQuery.swift */; };
		45C074BD2A2AE2DB00D00170 /* GeocoderQuery.swift in Sources */ = {isa = PBXBuildFile; fileRef = 45C074BC2A2AE2DB00D00170 /* GeocoderQuery.swift */; };
		45C074C12A2AE77100D00170 /* LocationFetcher.swift in Sources */ = {isa = PBXBuildFile; fileRef = 45C074C02A2AE77100D00170 /* LocationFetcher.swift */; };
		45C074C32A2AE80700D00170 /* SearchResultsProvider.swift in Sources */ = {isa = PBXBuildFile; fileRef = 45C074C22A2AE80700D00170 /* SearchResultsProvider.swift */; };
		45C074C52A2AEBEA00D00170 /* SearchResultsViewModel.swift in Sources */ = {isa = PBXBuildFile; fileRef = 45C074C42A2AEBEA00D00170 /* SearchResultsViewModel.swift */; };
		45C074C72A2AED2400D00170 /* SearchResultsView.swift in Sources */ = {isa = PBXBuildFile; fileRef = 45C074C62A2AED2400D00170 /* SearchResultsView.swift */; };
		45C074CA2A2AF5B300D00170 /* ImageCache.swift in Sources */ = {isa = PBXBuildFile; fileRef = 45C074C92A2AF5B300D00170 /* ImageCache.swift */; };
		45C074CC2A2AF7EC00D00170 /* ImageFetcher.swift in Sources */ = {isa = PBXBuildFile; fileRef = 45C074CB2A2AF7EC00D00170 /* ImageFetcher.swift */; };
		45C074CE2A2AF9FF00D00170 /* LocalNames.swift in Sources */ = {isa = PBXBuildFile; fileRef = 45C074CD2A2AF9FF00D00170 /* LocalNames.swift */; };
		45C074D02A2AFB0500D00170 /* GeocodeModel.swift in Sources */ = {isa = PBXBuildFile; fileRef = 45C074CF2A2AFB0500D00170 /* GeocodeModel.swift */; };
		45C074D22A2AFDCE00D00170 /* WeatherModels.swift in Sources */ = {isa = PBXBuildFile; fileRef = 45C074D12A2AFDCE00D00170 /* WeatherModels.swift */; };
		45C074D62A2B012E00D00170 /* SearchResult.swift in Sources */ = {isa = PBXBuildFile; fileRef = 45C074D52A2B012E00D00170 /* SearchResult.swift */; };
		45C074D82A2B7B3300D00170 /* SearchResultsProviderTests.swift in Sources */ = {isa = PBXBuildFile; fileRef = 45C074D72A2B7B3300D00170 /* SearchResultsProviderTests.swift */; };
		45C074DA2A2B7C3400D00170 /* MockWeatherFetcher.swift in Sources */ = {isa = PBXBuildFile; fileRef = 45C074D92A2B7C3400D00170 /* MockWeatherFetcher.swift */; };
		45C074DC2A2B7D0D00D00170 /* MockLocationFetcher.swift in Sources */ = {isa = PBXBuildFile; fileRef = 45C074DB2A2B7D0D00D00170 /* MockLocationFetcher.swift */; };
		45C074DE2A2B7F1900D00170 /* MockURLSession.swift in Sources */ = {isa = PBXBuildFile; fileRef = 45C074DD2A2B7F1900D00170 /* MockURLSession.swift */; };
		45C074E02A2B7F9200D00170 /* WeatherFetcherTests.swift in Sources */ = {isa = PBXBuildFile; fileRef = 45C074DF2A2B7F9200D00170 /* WeatherFetcherTests.swift */; };
		45C074E22A2B80D000D00170 /* LocationFetcherTests.swift in Sources */ = {isa = PBXBuildFile; fileRef = 45C074E12A2B80D000D00170 /* LocationFetcherTests.swift */; };
		45CB65532A29A7B300734B01 /* Constants.swift in Sources */ = {isa = PBXBuildFile; fileRef = 45CB65522A29A7B300734B01 /* Constants.swift */; };
/* End PBXBuildFile section */

/* Begin PBXContainerItemProxy section */
		456F9D122A295A1F005529FE /* PBXContainerItemProxy */ = {
			isa = PBXContainerItemProxy;
			containerPortal = 456F9CF32A295A1F005529FE /* Project object */;
			proxyType = 1;
			remoteGlobalIDString = 456F9CFA2A295A1F005529FE;
			remoteInfo = "OpenWeather Demo";
		};
		456F9D1C2A295A1F005529FE /* PBXContainerItemProxy */ = {
			isa = PBXContainerItemProxy;
			containerPortal = 456F9CF32A295A1F005529FE /* Project object */;
			proxyType = 1;
			remoteGlobalIDString = 456F9CFA2A295A1F005529FE;
			remoteInfo = "OpenWeather Demo";
		};
/* End PBXContainerItemProxy section */

/* Begin PBXFileReference section */
		456F9CFB2A295A1F005529FE /* OpenWeather Demo.app */ = {isa = PBXFileReference; explicitFileType = wrapper.application; includeInIndex = 0; path = "OpenWeather Demo.app"; sourceTree = BUILT_PRODUCTS_DIR; };
		456F9CFE2A295A1F005529FE /* AppDelegate.swift */ = {isa = PBXFileReference; lastKnownFileType = sourcecode.swift; path = AppDelegate.swift; sourceTree = "<group>"; };
		456F9D002A295A1F005529FE /* SceneDelegate.swift */ = {isa = PBXFileReference; lastKnownFileType = sourcecode.swift; path = SceneDelegate.swift; sourceTree = "<group>"; };
		456F9D022A295A1F005529FE /* MainViewController.swift */ = {isa = PBXFileReference; lastKnownFileType = sourcecode.swift; path = MainViewController.swift; sourceTree = "<group>"; };
		456F9D052A295A1F005529FE /* Base */ = {isa = PBXFileReference; lastKnownFileType = file.storyboard; name = Base; path = Base.lproj/Main.storyboard; sourceTree = "<group>"; };
		456F9D072A295A1F005529FE /* Assets.xcassets */ = {isa = PBXFileReference; lastKnownFileType = folder.assetcatalog; path = Assets.xcassets; sourceTree = "<group>"; };
		456F9D0A2A295A1F005529FE /* Base */ = {isa = PBXFileReference; lastKnownFileType = file.storyboard; name = Base; path = Base.lproj/LaunchScreen.storyboard; sourceTree = "<group>"; };
		456F9D0C2A295A1F005529FE /* Info.plist */ = {isa = PBXFileReference; lastKnownFileType = text.plist.xml; path = Info.plist; sourceTree = "<group>"; };
		456F9D112A295A1F005529FE /* OpenWeather DemoTests.xctest */ = {isa = PBXFileReference; explicitFileType = wrapper.cfbundle; includeInIndex = 0; path = "OpenWeather DemoTests.xctest"; sourceTree = BUILT_PRODUCTS_DIR; };
		456F9D1B2A295A1F005529FE /* OpenWeather DemoUITests.xctest */ = {isa = PBXFileReference; explicitFileType = wrapper.cfbundle; includeInIndex = 0; path = "OpenWeather DemoUITests.xctest"; sourceTree = BUILT_PRODUCTS_DIR; };
		456F9D1F2A295A1F005529FE /* OpenWeather_DemoUITests.swift */ = {isa = PBXFileReference; lastKnownFileType = sourcecode.swift; path = OpenWeather_DemoUITests.swift; sourceTree = "<group>"; };
		456F9D2F2A295E97005529FE /* WeatherFetcher.swift */ = {isa = PBXFileReference; lastKnownFileType = sourcecode.swift; path = WeatherFetcher.swift; sourceTree = "<group>"; };
		456F9D312A296127005529FE /* WeatherQuery.swift */ = {isa = PBXFileReference; lastKnownFileType = sourcecode.swift; path = WeatherQuery.swift; sourceTree = "<group>"; };
		45C074BC2A2AE2DB00D00170 /* GeocoderQuery.swift */ = {isa = PBXFileReference; lastKnownFileType = sourcecode.swift; path = GeocoderQuery.swift; sourceTree = "<group>"; };
		45C074C02A2AE77100D00170 /* LocationFetcher.swift */ = {isa = PBXFileReference; lastKnownFileType = sourcecode.swift; path = LocationFetcher.swift; sourceTree = "<group>"; };
		45C074C22A2AE80700D00170 /* SearchResultsProvider.swift */ = {isa = PBXFileReference; lastKnownFileType = sourcecode.swift; path = SearchResultsProvider.swift; sourceTree = "<group>"; };
		45C074C42A2AEBEA00D00170 /* SearchResultsViewModel.swift */ = {isa = PBXFileReference; lastKnownFileType = sourcecode.swift; path = SearchResultsViewModel.swift; sourceTree = "<group>"; };
		45C074C62A2AED2400D00170 /* SearchResultsView.swift */ = {isa = PBXFileReference; lastKnownFileType = sourcecode.swift; path = SearchResultsView.swift; sourceTree = "<group>"; };
		45C074C92A2AF5B300D00170 /* ImageCache.swift */ = {isa = PBXFileReference; lastKnownFileType = sourcecode.swift; path = ImageCache.swift; sourceTree = "<group>"; };
		45C074CB2A2AF7EC00D00170 /* ImageFetcher.swift */ = {isa = PBXFileReference; lastKnownFileType = sourcecode.swift; path = ImageFetcher.swift; sourceTree = "<group>"; };
		45C074CD2A2AF9FF00D00170 /* LocalNames.swift */ = {isa = PBXFileReference; lastKnownFileType = sourcecode.swift; path = LocalNames.swift; sourceTree = "<group>"; };
		45C074CF2A2AFB0500D00170 /* GeocodeModel.swift */ = {isa = PBXFileReference; lastKnownFileType = sourcecode.swift; path = GeocodeModel.swift; sourceTree = "<group>"; };
		45C074D12A2AFDCE00D00170 /* WeatherModels.swift */ = {isa = PBXFileReference; lastKnownFileType = sourcecode.swift; path = WeatherModels.swift; sourceTree = "<group>"; };
		45C074D52A2B012E00D00170 /* SearchResult.swift */ = {isa = PBXFileReference; lastKnownFileType = sourcecode.swift; path = SearchResult.swift; sourceTree = "<group>"; };
		45C074D72A2B7B3300D00170 /* SearchResultsProviderTests.swift */ = {isa = PBXFileReference; lastKnownFileType = sourcecode.swift; path = SearchResultsProviderTests.swift; sourceTree = "<group>"; };
		45C074D92A2B7C3400D00170 /* MockWeatherFetcher.swift */ = {isa = PBXFileReference; lastKnownFileType = sourcecode.swift; path = MockWeatherFetcher.swift; sourceTree = "<group>"; };
		45C074DB2A2B7D0D00D00170 /* MockLocationFetcher.swift */ = {isa = PBXFileReference; lastKnownFileType = sourcecode.swift; path = MockLocationFetcher.swift; sourceTree = "<group>"; };
		45C074DD2A2B7F1900D00170 /* MockURLSession.swift */ = {isa = PBXFileReference; lastKnownFileType = sourcecode.swift; path = MockURLSession.swift; sourceTree = "<group>"; };
		45C074DF2A2B7F9200D00170 /* WeatherFetcherTests.swift */ = {isa = PBXFileReference; lastKnownFileType = sourcecode.swift; path = WeatherFetcherTests.swift; sourceTree = "<group>"; };
		45C074E12A2B80D000D00170 /* LocationFetcherTests.swift */ = {isa = PBXFileReference; lastKnownFileType = sourcecode.swift; path = LocationFetcherTests.swift; sourceTree = "<group>"; };
		45CB65522A29A7B300734B01 /* Constants.swift */ = {isa = PBXFileReference; lastKnownFileType = sourcecode.swift; path = Constants.swift; sourceTree = "<group>"; };
/* End PBXFileReference section */

/* Begin PBXFrameworksBuildPhase section */
		456F9CF82A295A1F005529FE /* Frameworks */ = {
			isa = PBXFrameworksBuildPhase;
			buildActionMask = 2147483647;
			files = (
			);
			runOnlyForDeploymentPostprocessing = 0;
		};
		456F9D0E2A295A1F005529FE /* Frameworks */ = {
			isa = PBXFrameworksBuildPhase;
			buildActionMask = 2147483647;
			files = (
			);
			runOnlyForDeploymentPostprocessing = 0;
		};
		456F9D182A295A1F005529FE /* Frameworks */ = {
			isa = PBXFrameworksBuildPhase;
			buildActionMask = 2147483647;
			files = (
			);
			runOnlyForDeploymentPostprocessing = 0;
		};
/* End PBXFrameworksBuildPhase section */

/* Begin PBXGroup section */
		456F9CF22A295A1F005529FE = {
			isa = PBXGroup;
			children = (
				456F9CFD2A295A1F005529FE /* OpenWeather Demo */,
				456F9D142A295A1F005529FE /* OpenWeather DemoTests */,
				456F9D1E2A295A1F005529FE /* OpenWeather DemoUITests */,
				456F9CFC2A295A1F005529FE /* Products */,
			);
			sourceTree = "<group>";
		};
		456F9CFC2A295A1F005529FE /* Products */ = {
			isa = PBXGroup;
			children = (
				456F9CFB2A295A1F005529FE /* OpenWeather Demo.app */,
				456F9D112A295A1F005529FE /* OpenWeather DemoTests.xctest */,
				456F9D1B2A295A1F005529FE /* OpenWeather DemoUITests.xctest */,
			);
			name = Products;
			sourceTree = "<group>";
		};
		456F9CFD2A295A1F005529FE /* OpenWeather Demo */ = {
			isa = PBXGroup;
			children = (
				45CB65512A29A6C900734B01 /* Geocoder API */,
				456F9D2E2A295C3B005529FE /* Weather API */,
				456F9CFE2A295A1F005529FE /* AppDelegate.swift */,
				456F9D002A295A1F005529FE /* SceneDelegate.swift */,
				45CB65522A29A7B300734B01 /* Constants.swift */,
				45C074D52A2B012E00D00170 /* SearchResult.swift */,
				45C074C92A2AF5B300D00170 /* ImageCache.swift */,
				45C074C22A2AE80700D00170 /* SearchResultsProvider.swift */,
				45C074C42A2AEBEA00D00170 /* SearchResultsViewModel.swift */,
				45C074C62A2AED2400D00170 /* SearchResultsView.swift */,
				456F9D022A295A1F005529FE /* MainViewController.swift */,
				456F9D042A295A1F005529FE /* Main.storyboard */,
				456F9D072A295A1F005529FE /* Assets.xcassets */,
				456F9D092A295A1F005529FE /* LaunchScreen.storyboard */,
				456F9D0C2A295A1F005529FE /* Info.plist */,
			);
			path = "OpenWeather Demo";
			sourceTree = "<group>";
		};
		456F9D142A295A1F005529FE /* OpenWeather DemoTests */ = {
			isa = PBXGroup;
			children = (
				45C074D72A2B7B3300D00170 /* SearchResultsProviderTests.swift */,
				45C074DF2A2B7F9200D00170 /* WeatherFetcherTests.swift */,
				45C074E12A2B80D000D00170 /* LocationFetcherTests.swift */,
				45C074D92A2B7C3400D00170 /* MockWeatherFetcher.swift */,
				45C074DB2A2B7D0D00D00170 /* MockLocationFetcher.swift */,
				45C074DD2A2B7F1900D00170 /* MockURLSession.swift */,
			);
			path = "OpenWeather DemoTests";
			sourceTree = "<group>";
		};
		456F9D1E2A295A1F005529FE /* OpenWeather DemoUITests */ = {
			isa = PBXGroup;
			children = (
				456F9D1F2A295A1F005529FE /* OpenWeather_DemoUITests.swift */,
			);
			path = "OpenWeather DemoUITests";
			sourceTree = "<group>";
		};
		456F9D2E2A295C3B005529FE /* Weather API */ = {
			isa = PBXGroup;
			children = (
				456F9D2F2A295E97005529FE /* WeatherFetcher.swift */,
				456F9D312A296127005529FE /* WeatherQuery.swift */,
				45C074CB2A2AF7EC00D00170 /* ImageFetcher.swift */,
				45C074D12A2AFDCE00D00170 /* WeatherModels.swift */,
			);
			path = "Weather API";
			sourceTree = "<group>";
		};
		45CB65512A29A6C900734B01 /* Geocoder API */ = {
			isa = PBXGroup;
			children = (
				45C074BC2A2AE2DB00D00170 /* GeocoderQuery.swift */,
				45C074C02A2AE77100D00170 /* LocationFetcher.swift */,
				45C074CD2A2AF9FF00D00170 /* LocalNames.swift */,
				45C074CF2A2AFB0500D00170 /* GeocodeModel.swift */,
			);
			path = "Geocoder API";
			sourceTree = "<group>";
		};
/* End PBXGroup section */

/* Begin PBXNativeTarget section */
		456F9CFA2A295A1F005529FE /* OpenWeather Demo */ = {
			isa = PBXNativeTarget;
			buildConfigurationList = 456F9D252A295A1F005529FE /* Build configuration list for PBXNativeTarget "OpenWeather Demo" */;
			buildPhases = (
				456F9CF72A295A1F005529FE /* Sources */,
				456F9CF82A295A1F005529FE /* Frameworks */,
				456F9CF92A295A1F005529FE /* Resources */,
			);
			buildRules = (
			);
			dependencies = (
			);
			name = "OpenWeather Demo";
			productName = "OpenWeather Demo";
			productReference = 456F9CFB2A295A1F005529FE /* OpenWeather Demo.app */;
			productType = "com.apple.product-type.application";
		};
		456F9D102A295A1F005529FE /* OpenWeather DemoTests */ = {
			isa = PBXNativeTarget;
			buildConfigurationList = 456F9D282A295A1F005529FE /* Build configuration list for PBXNativeTarget "OpenWeather DemoTests" */;
			buildPhases = (
				456F9D0D2A295A1F005529FE /* Sources */,
				456F9D0E2A295A1F005529FE /* Frameworks */,
				456F9D0F2A295A1F005529FE /* Resources */,
			);
			buildRules = (
			);
			dependencies = (
				456F9D132A295A1F005529FE /* PBXTargetDependency */,
			);
			name = "OpenWeather DemoTests";
			productName = "OpenWeather DemoTests";
			productReference = 456F9D112A295A1F005529FE /* OpenWeather DemoTests.xctest */;
			productType = "com.apple.product-type.bundle.unit-test";
		};
		456F9D1A2A295A1F005529FE /* OpenWeather DemoUITests */ = {
			isa = PBXNativeTarget;
			buildConfigurationList = 456F9D2B2A295A1F005529FE /* Build configuration list for PBXNativeTarget "OpenWeather DemoUITests" */;
			buildPhases = (
				456F9D172A295A1F005529FE /* Sources */,
				456F9D182A295A1F005529FE /* Frameworks */,
				456F9D192A295A1F005529FE /* Resources */,
			);
			buildRules = (
			);
			dependencies = (
				456F9D1D2A295A1F005529FE /* PBXTargetDependency */,
			);
			name = "OpenWeather DemoUITests";
			productName = "OpenWeather DemoUITests";
			productReference = 456F9D1B2A295A1F005529FE /* OpenWeather DemoUITests.xctest */;
			productType = "com.apple.product-type.bundle.ui-testing";
		};
/* End PBXNativeTarget section */

/* Begin PBXProject section */
		456F9CF32A295A1F005529FE /* Project object */ = {
			isa = PBXProject;
			attributes = {
				BuildIndependentTargetsInParallel = 1;
				LastSwiftUpdateCheck = 1430;
				LastUpgradeCheck = 1430;
				TargetAttributes = {
					456F9CFA2A295A1F005529FE = {
						CreatedOnToolsVersion = 14.3;
					};
					456F9D102A295A1F005529FE = {
						CreatedOnToolsVersion = 14.3;
						LastSwiftMigration = 1430;
						TestTargetID = 456F9CFA2A295A1F005529FE;
					};
					456F9D1A2A295A1F005529FE = {
						CreatedOnToolsVersion = 14.3;
						TestTargetID = 456F9CFA2A295A1F005529FE;
					};
				};
			};
			buildConfigurationList = 456F9CF62A295A1F005529FE /* Build configuration list for PBXProject "OpenWeather Demo" */;
			compatibilityVersion = "Xcode 14.0";
			developmentRegion = en;
			hasScannedForEncodings = 0;
			knownRegions = (
				en,
				Base,
			);
			mainGroup = 456F9CF22A295A1F005529FE;
			productRefGroup = 456F9CFC2A295A1F005529FE /* Products */;
			projectDirPath = "";
			projectRoot = "";
			targets = (
				456F9CFA2A295A1F005529FE /* OpenWeather Demo */,
				456F9D102A295A1F005529FE /* OpenWeather DemoTests */,
				456F9D1A2A295A1F005529FE /* OpenWeather DemoUITests */,
			);
		};
/* End PBXProject section */

/* Begin PBXResourcesBuildPhase section */
		456F9CF92A295A1F005529FE /* Resources */ = {
			isa = PBXResourcesBuildPhase;
			buildActionMask = 2147483647;
			files = (
				456F9D0B2A295A1F005529FE /* LaunchScreen.storyboard in Resources */,
				456F9D082A295A1F005529FE /* Assets.xcassets in Resources */,
				456F9D062A295A1F005529FE /* Main.storyboard in Resources */,
			);
			runOnlyForDeploymentPostprocessing = 0;
		};
		456F9D0F2A295A1F005529FE /* Resources */ = {
			isa = PBXResourcesBuildPhase;
			buildActionMask = 2147483647;
			files = (
			);
			runOnlyForDeploymentPostprocessing = 0;
		};
		456F9D192A295A1F005529FE /* Resources */ = {
			isa = PBXResourcesBuildPhase;
			buildActionMask = 2147483647;
			files = (
			);
			runOnlyForDeploymentPostprocessing = 0;
		};
/* End PBXResourcesBuildPhase section */

/* Begin PBXSourcesBuildPhase section */
		456F9CF72A295A1F005529FE /* Sources */ = {
			isa = PBXSourcesBuildPhase;
			buildActionMask = 2147483647;
			files = (
				45C074CE2A2AF9FF00D00170 /* LocalNames.swift in Sources */,
				456F9D302A295E97005529FE /* WeatherFetcher.swift in Sources */,
				45C074D22A2AFDCE00D00170 /* WeatherModels.swift in Sources */,
				45C074D02A2AFB0500D00170 /* GeocodeModel.swift in Sources */,
				45C074C32A2AE80700D00170 /* SearchResultsProvider.swift in Sources */,
				456F9D032A295A1F005529FE /* MainViewController.swift in Sources */,
				45C074C12A2AE77100D00170 /* LocationFetcher.swift in Sources */,
				456F9D322A296127005529FE /* WeatherQuery.swift in Sources */,
				456F9CFF2A295A1F005529FE /* AppDelegate.swift in Sources */,
				45C074CA2A2AF5B300D00170 /* ImageCache.swift in Sources */,
				45C074CC2A2AF7EC00D00170 /* ImageFetcher.swift in Sources */,
				456F9D012A295A1F005529FE /* SceneDelegate.swift in Sources */,
				45C074C72A2AED2400D00170 /* SearchResultsView.swift in Sources */,
				45CB65532A29A7B300734B01 /* Constants.swift in Sources */,
				45C074BD2A2AE2DB00D00170 /* GeocoderQuery.swift in Sources */,
				45C074C52A2AEBEA00D00170 /* SearchResultsViewModel.swift in Sources */,
				45C074D62A2B012E00D00170 /* SearchResult.swift in Sources */,
			);
			runOnlyForDeploymentPostprocessing = 0;
		};
		456F9D0D2A295A1F005529FE /* Sources */ = {
			isa = PBXSourcesBuildPhase;
			buildActionMask = 2147483647;
			files = (
				45C074E02A2B7F9200D00170 /* WeatherFetcherTests.swift in Sources */,
				45C074DE2A2B7F1900D00170 /* MockURLSession.swift in Sources */,
				45C074E22A2B80D000D00170 /* LocationFetcherTests.swift in Sources */,
				45C074DA2A2B7C3400D00170 /* MockWeatherFetcher.swift in Sources */,
				45C074DC2A2B7D0D00D00170 /* MockLocationFetcher.swift in Sources */,
				45C074D82A2B7B3300D00170 /* SearchResultsProviderTests.swift in Sources */,
			);
			runOnlyForDeploymentPostprocessing = 0;
		};
		456F9D172A295A1F005529FE /* Sources */ = {
			isa = PBXSourcesBuildPhase;
			buildActionMask = 2147483647;
			files = (
				456F9D202A295A1F005529FE /* OpenWeather_DemoUITests.swift in Sources */,
			);
			runOnlyForDeploymentPostprocessing = 0;
		};
/* End PBXSourcesBuildPhase section */

/* Begin PBXTargetDependency section */
		456F9D132A295A1F005529FE /* PBXTargetDependency */ = {
			isa = PBXTargetDependency;
			target = 456F9CFA2A295A1F005529FE /* OpenWeather Demo */;
			targetProxy = 456F9D122A295A1F005529FE /* PBXContainerItemProxy */;
		};
		456F9D1D2A295A1F005529FE /* PBXTargetDependency */ = {
			isa = PBXTargetDependency;
			target = 456F9CFA2A295A1F005529FE /* OpenWeather Demo */;
			targetProxy = 456F9D1C2A295A1F005529FE /* PBXContainerItemProxy */;
		};
/* End PBXTargetDependency section */

/* Begin PBXVariantGroup section */
		456F9D042A295A1F005529FE /* Main.storyboard */ = {
			isa = PBXVariantGroup;
			children = (
				456F9D052A295A1F005529FE /* Base */,
			);
			name = Main.storyboard;
			sourceTree = "<group>";
		};
		456F9D092A295A1F005529FE /* LaunchScreen.storyboard */ = {
			isa = PBXVariantGroup;
			children = (
				456F9D0A2A295A1F005529FE /* Base */,
			);
			name = LaunchScreen.storyboard;
			sourceTree = "<group>";
		};
/* End PBXVariantGroup section */

/* Begin XCBuildConfiguration section */
		456F9D232A295A1F005529FE /* Debug */ = {
			isa = XCBuildConfiguration;
			buildSettings = {
				ALWAYS_SEARCH_USER_PATHS = NO;
				CLANG_ANALYZER_NONNULL = YES;
				CLANG_ANALYZER_NUMBER_OBJECT_CONVERSION = YES_AGGRESSIVE;
				CLANG_CXX_LANGUAGE_STANDARD = "gnu++20";
				CLANG_ENABLE_MODULES = YES;
				CLANG_ENABLE_OBJC_ARC = YES;
				CLANG_ENABLE_OBJC_WEAK = YES;
				CLANG_WARN_BLOCK_CAPTURE_AUTORELEASING = YES;
				CLANG_WARN_BOOL_CONVERSION = YES;
				CLANG_WARN_COMMA = YES;
				CLANG_WARN_CONSTANT_CONVERSION = YES;
				CLANG_WARN_DEPRECATED_OBJC_IMPLEMENTATIONS = YES;
				CLANG_WARN_DIRECT_OBJC_ISA_USAGE = YES_ERROR;
				CLANG_WARN_DOCUMENTATION_COMMENTS = YES;
				CLANG_WARN_EMPTY_BODY = YES;
				CLANG_WARN_ENUM_CONVERSION = YES;
				CLANG_WARN_INFINITE_RECURSION = YES;
				CLANG_WARN_INT_CONVERSION = YES;
				CLANG_WARN_NON_LITERAL_NULL_CONVERSION = YES;
				CLANG_WARN_OBJC_IMPLICIT_RETAIN_SELF = YES;
				CLANG_WARN_OBJC_LITERAL_CONVERSION = YES;
				CLANG_WARN_OBJC_ROOT_CLASS = YES_ERROR;
				CLANG_WARN_QUOTED_INCLUDE_IN_FRAMEWORK_HEADER = YES;
				CLANG_WARN_RANGE_LOOP_ANALYSIS = YES;
				CLANG_WARN_STRICT_PROTOTYPES = YES;
				CLANG_WARN_SUSPICIOUS_MOVE = YES;
				CLANG_WARN_UNGUARDED_AVAILABILITY = YES_AGGRESSIVE;
				CLANG_WARN_UNREACHABLE_CODE = YES;
				CLANG_WARN__DUPLICATE_METHOD_MATCH = YES;
				COPY_PHASE_STRIP = NO;
				DEBUG_INFORMATION_FORMAT = dwarf;
				ENABLE_STRICT_OBJC_MSGSEND = YES;
				ENABLE_TESTABILITY = YES;
				GCC_C_LANGUAGE_STANDARD = gnu11;
				GCC_DYNAMIC_NO_PIC = NO;
				GCC_NO_COMMON_BLOCKS = YES;
				GCC_OPTIMIZATION_LEVEL = 0;
				GCC_PREPROCESSOR_DEFINITIONS = (
					"DEBUG=1",
					"$(inherited)",
				);
				GCC_WARN_64_TO_32_BIT_CONVERSION = YES;
				GCC_WARN_ABOUT_RETURN_TYPE = YES_ERROR;
				GCC_WARN_UNDECLARED_SELECTOR = YES;
				GCC_WARN_UNINITIALIZED_AUTOS = YES_AGGRESSIVE;
				GCC_WARN_UNUSED_FUNCTION = YES;
				GCC_WARN_UNUSED_VARIABLE = YES;
				IPHONEOS_DEPLOYMENT_TARGET = 16.4;
				MTL_ENABLE_DEBUG_INFO = INCLUDE_SOURCE;
				MTL_FAST_MATH = YES;
				ONLY_ACTIVE_ARCH = YES;
				SDKROOT = iphoneos;
				SWIFT_ACTIVE_COMPILATION_CONDITIONS = DEBUG;
				SWIFT_OPTIMIZATION_LEVEL = "-Onone";
			};
			name = Debug;
		};
		456F9D242A295A1F005529FE /* Release */ = {
			isa = XCBuildConfiguration;
			buildSettings = {
				ALWAYS_SEARCH_USER_PATHS = NO;
				CLANG_ANALYZER_NONNULL = YES;
				CLANG_ANALYZER_NUMBER_OBJECT_CONVERSION = YES_AGGRESSIVE;
				CLANG_CXX_LANGUAGE_STANDARD = "gnu++20";
				CLANG_ENABLE_MODULES = YES;
				CLANG_ENABLE_OBJC_ARC = YES;
				CLANG_ENABLE_OBJC_WEAK = YES;
				CLANG_WARN_BLOCK_CAPTURE_AUTORELEASING = YES;
				CLANG_WARN_BOOL_CONVERSION = YES;
				CLANG_WARN_COMMA = YES;
				CLANG_WARN_CONSTANT_CONVERSION = YES;
				CLANG_WARN_DEPRECATED_OBJC_IMPLEMENTATIONS = YES;
				CLANG_WARN_DIRECT_OBJC_ISA_USAGE = YES_ERROR;
				CLANG_WARN_DOCUMENTATION_COMMENTS = YES;
				CLANG_WARN_EMPTY_BODY = YES;
				CLANG_WARN_ENUM_CONVERSION = YES;
				CLANG_WARN_INFINITE_RECURSION = YES;
				CLANG_WARN_INT_CONVERSION = YES;
				CLANG_WARN_NON_LITERAL_NULL_CONVERSION = YES;
				CLANG_WARN_OBJC_IMPLICIT_RETAIN_SELF = YES;
				CLANG_WARN_OBJC_LITERAL_CONVERSION = YES;
				CLANG_WARN_OBJC_ROOT_CLASS = YES_ERROR;
				CLANG_WARN_QUOTED_INCLUDE_IN_FRAMEWORK_HEADER = YES;
				CLANG_WARN_RANGE_LOOP_ANALYSIS = YES;
				CLANG_WARN_STRICT_PROTOTYPES = YES;
				CLANG_WARN_SUSPICIOUS_MOVE = YES;
				CLANG_WARN_UNGUARDED_AVAILABILITY = YES_AGGRESSIVE;
				CLANG_WARN_UNREACHABLE_CODE = YES;
				CLANG_WARN__DUPLICATE_METHOD_MATCH = YES;
				COPY_PHASE_STRIP = NO;
				DEBUG_INFORMATION_FORMAT = "dwarf-with-dsym";
				ENABLE_NS_ASSERTIONS = NO;
				ENABLE_STRICT_OBJC_MSGSEND = YES;
				GCC_C_LANGUAGE_STANDARD = gnu11;
				GCC_NO_COMMON_BLOCKS = YES;
				GCC_WARN_64_TO_32_BIT_CONVERSION = YES;
				GCC_WARN_ABOUT_RETURN_TYPE = YES_ERROR;
				GCC_WARN_UNDECLARED_SELECTOR = YES;
				GCC_WARN_UNINITIALIZED_AUTOS = YES_AGGRESSIVE;
				GCC_WARN_UNUSED_FUNCTION = YES;
				GCC_WARN_UNUSED_VARIABLE = YES;
				IPHONEOS_DEPLOYMENT_TARGET = 16.4;
				MTL_ENABLE_DEBUG_INFO = NO;
				MTL_FAST_MATH = YES;
				SDKROOT = iphoneos;
				SWIFT_COMPILATION_MODE = wholemodule;
				SWIFT_OPTIMIZATION_LEVEL = "-O";
				VALIDATE_PRODUCT = YES;
			};
			name = Release;
		};
		456F9D262A295A1F005529FE /* Debug */ = {
			isa = XCBuildConfiguration;
			buildSettings = {
				ASSETCATALOG_COMPILER_APPICON_NAME = AppIcon;
				ASSETCATALOG_COMPILER_GLOBAL_ACCENT_COLOR_NAME = AccentColor;
				CODE_SIGN_STYLE = Automatic;
				CURRENT_PROJECT_VERSION = 1;
				DEVELOPMENT_TEAM = HJXYY5247H;
				GENERATE_INFOPLIST_FILE = YES;
				INFOPLIST_FILE = "OpenWeather Demo/Info.plist";
				INFOPLIST_KEY_UIApplicationSupportsIndirectInputEvents = YES;
				INFOPLIST_KEY_UILaunchStoryboardName = LaunchScreen;
				INFOPLIST_KEY_UIMainStoryboardFile = Main;
				INFOPLIST_KEY_UISupportedInterfaceOrientations_iPad = "UIInterfaceOrientationPortrait UIInterfaceOrientationPortraitUpsideDown UIInterfaceOrientationLandscapeLeft UIInterfaceOrientationLandscapeRight";
				INFOPLIST_KEY_UISupportedInterfaceOrientations_iPhone = "UIInterfaceOrientationPortrait UIInterfaceOrientationLandscapeLeft UIInterfaceOrientationLandscapeRight";
				LD_RUNPATH_SEARCH_PATHS = (
					"$(inherited)",
					"@executable_path/Frameworks",
				);
				MARKETING_VERSION = 1.0;
				PRODUCT_BUNDLE_IDENTIFIER = "com.tadreik.OpenWeather-Demo";
				PRODUCT_NAME = "$(TARGET_NAME)";
				SWIFT_EMIT_LOC_STRINGS = YES;
				SWIFT_VERSION = 5.0;
				TARGETED_DEVICE_FAMILY = "1,2";
			};
			name = Debug;
		};
		456F9D272A295A1F005529FE /* Release */ = {
			isa = XCBuildConfiguration;
			buildSettings = {
				ASSETCATALOG_COMPILER_APPICON_NAME = AppIcon;
				ASSETCATALOG_COMPILER_GLOBAL_ACCENT_COLOR_NAME = AccentColor;
				CODE_SIGN_STYLE = Automatic;
				CURRENT_PROJECT_VERSION = 1;
				DEVELOPMENT_TEAM = HJXYY5247H;
				GENERATE_INFOPLIST_FILE = YES;
				INFOPLIST_FILE = "OpenWeather Demo/Info.plist";
				INFOPLIST_KEY_UIApplicationSupportsIndirectInputEvents = YES;
				INFOPLIST_KEY_UILaunchStoryboardName = LaunchScreen;
				INFOPLIST_KEY_UIMainStoryboardFile = Main;
				INFOPLIST_KEY_UISupportedInterfaceOrientations_iPad = "UIInterfaceOrientationPortrait UIInterfaceOrientationPortraitUpsideDown UIInterfaceOrientationLandscapeLeft UIInterfaceOrientationLandscapeRight";
				INFOPLIST_KEY_UISupportedInterfaceOrientations_iPhone = "UIInterfaceOrientationPortrait UIInterfaceOrientationLandscapeLeft UIInterfaceOrientationLandscapeRight";
				LD_RUNPATH_SEARCH_PATHS = (
					"$(inherited)",
					"@executable_path/Frameworks",
				);
				MARKETING_VERSION = 1.0;
				PRODUCT_BUNDLE_IDENTIFIER = "com.tadreik.OpenWeather-Demo";
				PRODUCT_NAME = "$(TARGET_NAME)";
				SWIFT_EMIT_LOC_STRINGS = YES;
				SWIFT_VERSION = 5.0;
				TARGETED_DEVICE_FAMILY = "1,2";
			};
			name = Release;
		};
		456F9D292A295A1F005529FE /* Debug */ = {
			isa = XCBuildConfiguration;
			buildSettings = {
				ALWAYS_EMBED_SWIFT_STANDARD_LIBRARIES = YES;
				BUNDLE_LOADER = "$(TEST_HOST)";
				CLANG_ENABLE_MODULES = YES;
				CODE_SIGN_STYLE = Automatic;
				CURRENT_PROJECT_VERSION = 1;
				DEVELOPMENT_TEAM = HJXYY5247H;
				GENERATE_INFOPLIST_FILE = YES;
				IPHONEOS_DEPLOYMENT_TARGET = 16.4;
				MARKETING_VERSION = 1.0;
				PRODUCT_BUNDLE_IDENTIFIER = "com.tadreik.OpenWeather-DemoTests";
				PRODUCT_NAME = "$(TARGET_NAME)";
				SWIFT_EMIT_LOC_STRINGS = NO;
				SWIFT_OPTIMIZATION_LEVEL = "-Onone";
				SWIFT_VERSION = 5.0;
				TARGETED_DEVICE_FAMILY = "1,2";
				TEST_HOST = "$(BUILT_PRODUCTS_DIR)/OpenWeather Demo.app/$(BUNDLE_EXECUTABLE_FOLDER_PATH)/OpenWeather Demo";
			};
			name = Debug;
		};
		456F9D2A2A295A1F005529FE /* Release */ = {
			isa = XCBuildConfiguration;
			buildSettings = {
				ALWAYS_EMBED_SWIFT_STANDARD_LIBRARIES = YES;
				BUNDLE_LOADER = "$(TEST_HOST)";
				CLANG_ENABLE_MODULES = YES;
				CODE_SIGN_STYLE = Automatic;
				CURRENT_PROJECT_VERSION = 1;
				DEVELOPMENT_TEAM = HJXYY5247H;
				GENERATE_INFOPLIST_FILE = YES;
				IPHONEOS_DEPLOYMENT_TARGET = 16.4;
				MARKETING_VERSION = 1.0;
				PRODUCT_BUNDLE_IDENTIFIER = "com.tadreik.OpenWeather-DemoTests";
				PRODUCT_NAME = "$(TARGET_NAME)";
				SWIFT_EMIT_LOC_STRINGS = NO;
				SWIFT_VERSION = 5.0;
				TARGETED_DEVICE_FAMILY = "1,2";
				TEST_HOST = "$(BUILT_PRODUCTS_DIR)/OpenWeather Demo.app/$(BUNDLE_EXECUTABLE_FOLDER_PATH)/OpenWeather Demo";
			};
			name = Release;
		};
		456F9D2C2A295A1F005529FE /* Debug */ = {
			isa = XCBuildConfiguration;
			buildSettings = {
				ALWAYS_EMBED_SWIFT_STANDARD_LIBRARIES = YES;
				CODE_SIGN_STYLE = Automatic;
				CURRENT_PROJECT_VERSION = 1;
				DEVELOPMENT_TEAM = HJXYY5247H;
				GENERATE_INFOPLIST_FILE = YES;
				MARKETING_VERSION = 1.0;
				PRODUCT_BUNDLE_IDENTIFIER = "com.tadreik.OpenWeather-DemoUITests";
				PRODUCT_NAME = "$(TARGET_NAME)";
				SWIFT_EMIT_LOC_STRINGS = NO;
				SWIFT_VERSION = 5.0;
				TARGETED_DEVICE_FAMILY = "1,2";
				TEST_TARGET_NAME = "OpenWeather Demo";
			};
			name = Debug;
		};
		456F9D2D2A295A1F005529FE /* Release */ = {
			isa = XCBuildConfiguration;
			buildSettings = {
				ALWAYS_EMBED_SWIFT_STANDARD_LIBRARIES = YES;
				CODE_SIGN_STYLE = Automatic;
				CURRENT_PROJECT_VERSION = 1;
				DEVELOPMENT_TEAM = HJXYY5247H;
				GENERATE_INFOPLIST_FILE = YES;
				MARKETING_VERSION = 1.0;
				PRODUCT_BUNDLE_IDENTIFIER = "com.tadreik.OpenWeather-DemoUITests";
				PRODUCT_NAME = "$(TARGET_NAME)";
				SWIFT_EMIT_LOC_STRINGS = NO;
				SWIFT_VERSION = 5.0;
				TARGETED_DEVICE_FAMILY = "1,2";
				TEST_TARGET_NAME = "OpenWeather Demo";
			};
			name = Release;
		};
/* End XCBuildConfiguration section */

/* Begin XCConfigurationList section */
		456F9CF62A295A1F005529FE /* Build configuration list for PBXProject "OpenWeather Demo" */ = {
			isa = XCConfigurationList;
			buildConfigurations = (
				456F9D232A295A1F005529FE /* Debug */,
				456F9D242A295A1F005529FE /* Release */,
			);
			defaultConfigurationIsVisible = 0;
			defaultConfigurationName = Release;
		};
		456F9D252A295A1F005529FE /* Build configuration list for PBXNativeTarget "OpenWeather Demo" */ = {
			isa = XCConfigurationList;
			buildConfigurations = (
				456F9D262A295A1F005529FE /* Debug */,
				456F9D272A295A1F005529FE /* Release */,
			);
			defaultConfigurationIsVisible = 0;
			defaultConfigurationName = Release;
		};
		456F9D282A295A1F005529FE /* Build configuration list for PBXNativeTarget "OpenWeather DemoTests" */ = {
			isa = XCConfigurationList;
			buildConfigurations = (
				456F9D292A295A1F005529FE /* Debug */,
				456F9D2A2A295A1F005529FE /* Release */,
			);
			defaultConfigurationIsVisible = 0;
			defaultConfigurationName = Release;
		};
		456F9D2B2A295A1F005529FE /* Build configuration list for PBXNativeTarget "OpenWeather DemoUITests" */ = {
			isa = XCConfigurationList;
			buildConfigurations = (
				456F9D2C2A295A1F005529FE /* Debug */,
				456F9D2D2A295A1F005529FE /* Release */,
			);
			defaultConfigurationIsVisible = 0;
			defaultConfigurationName = Release;
		};
/* End XCConfigurationList section */
	};
	rootObject = 456F9CF32A295A1F005529FE /* Project object */;
}
